
Microsoft Visual Studio Solution File, Format Version 12.00
# Visual Studio Version 16
VisualStudioVersion = 16.0.29215.179
MinimumVisualStudioVersion = 10.0.40219.1
Project("{9A19103F-16F7-4668-BE54-9A1E7A4F7556}") = "FruitWorld", "FruitWorld.csproj", "{4BF6150A-A2FD-4843-953F-463E25AAE2C4}"
EndProject
Project("{9A19103F-16F7-4668-BE54-9A1E7A4F7556}") = "FruitWorld.Tests", "..\FruitWorld.Tests\FruitWorld.Tests.csproj", "{A3A12FD9-A898-419E-A9FC-B7F680707BC6}"
EndProject
Global
	GlobalSection(SolutionConfigurationPlatforms) = preSolution
		Debug|Any CPU = Debug|Any CPU
		Release|Any CPU = Release|Any CPU
	EndGlobalSection
	GlobalSection(ProjectConfigurationPlatforms) = postSolution
		{4BF6150A-A2FD-4843-953F-463E25AAE2C4}.Debug|Any CPU.ActiveCfg = Debug|Any CPU
		{4BF6150A-A2FD-4843-953F-463E25AAE2C4}.Debug|Any CPU.Build.0 = Debug|Any CPU
		{4BF6150A-A2FD-4843-953F-463E25AAE2C4}.Release|Any CPU.ActiveCfg = Release|Any CPU
		{4BF6150A-A2FD-4843-953F-463E25AAE2C4}.Release|Any CPU.Build.0 = Release|Any CPU
		{A3A12FD9-A898-419E-A9FC-B7F680707BC6}.Debug|Any CPU.ActiveCfg = Debug|Any CPU
		{A3A12FD9-A898-419E-A9FC-B7F680707BC6}.Debug|Any CPU.Build.0 = Debug|Any CPU
		{A3A12FD9-A898-419E-A9FC-B7F680707BC6}.Release|Any CPU.ActiveCfg = Release|Any CPU
		{A3A12FD9-A898-419E-A9FC-B7F680707BC6}.Release|Any CPU.Build.0 = Release|Any CPU
	EndGlobalSection
	GlobalSection(SolutionProperties) = preSolution
		HideSolutionNode = FALSE
	EndGlobalSection
	GlobalSection(ExtensibilityGlobals) = postSolution
		SolutionGuid = {DA46B608-3D64-4151-B4C7-27C27A45EDD3}
	EndGlobalSection
EndGlobal
